<?xml version="1.0" encoding="utf-8"?>
<Project ToolsVersion="4.0" xmlns="http://schemas.microsoft.com/developer/msbuild/2003">
  <ItemGroup>
    <Filter Include="源文件">
      <UniqueIdentifier>{4FC737F1-C7A5-4376-A066-2A32D752A2FF}</UniqueIdentifier>
      <Extensions>cpp;c;cc;cxx;def;odl;idl;hpj;bat;asm;asmx</Extensions>
    </Filter>
    <Filter Include="头文件">
      <UniqueIdentifier>{93995380-89BD-4b04-88EB-625FBE52EBFB}</UniqueIdentifier>
      <Extensions>h;hh;hpp;hxx;hm;inl;inc;xsd</Extensions>
    </Filter>
    <Filter Include="资源文件">
      <UniqueIdentifier>{67DA6AB6-F800-4c08-8B7A-83BB121AAD01}</UniqueIdentifier>
      <Extensions>rc;ico;cur;bmp;dlg;rc2;rct;bin;rgs;gif;jpg;jpeg;jpe;resx;tiff;tif;png;wav;mfcribbon-ms</Extensions>
    </Filter>
    <Filter Include="源文件\core">
      <UniqueIdentifier>{0946bb6f-e4da-4ab9-a8ae-8242c868f955}</UniqueIdentifier>
    </Filter>
    <Filter Include="源文件\utils">
      <UniqueIdentifier>{a5c77482-6210-4c39-bfff-f9a063f9d7b4}</UniqueIdentifier>
    </Filter>
  </ItemGroup>
  <ItemGroup>
    <ClInclude Include="attana.h">
      <Filter>源文件</Filter>
    </ClInclude>
    <ClInclude Include="utils.h">
      <Filter>源文件</Filter>
    </ClInclude>
    <ClInclude Include="..\include\libattana.h">
      <Filter>头文件</Filter>
    </ClInclude>
  </ItemGroup>
  <ItemGroup>
    <ClCompile Include="interfaces.cpp">
      <Filter>源文件</Filter>
    </ClCompile>
    <ClCompile Include="core\analyser.cpp">
      <Filter>源文件\core</Filter>
    </ClCompile>
    <ClCompile Include="core\student.cpp">
      <Filter>源文件\core</Filter>
    </ClCompile>
    <ClCompile Include="utils\date_time.cpp">
      <Filter>源文件\utils</Filter>
    </ClCompile>
  </ItemGroup>
</Project>