// !$*UTF8*$!
{
	archiveVersion = 1;
	classes = {
	};
	objectVersion = 50;
	objects = {

/* Begin PBXBuildFile section */
		1103CAF124A8CC4200E6A9AD /* libattana.h in Headers */ = {isa = PBXBuildFile; fileRef = 1103CAF024A8CC4200E6A9AD /* libattana.h */; };
		1103CAF424A8CCDF00E6A9AD /* interfaces.cpp in Sources */ = {isa = PBXBuildFile; fileRef = 1103CAF224A8CCDF00E6A9AD /* interfaces.cpp */; };
		1103CAFE24A9833D00E6A9AD /* date_time.cpp in Sources */ = {isa = PBXBuildFile; fileRef = 1103CAFD24A9833D00E6A9AD /* date_time.cpp */; };
		1103CB0B24A9ACE600E6A9AD /* utils.h in Headers */ = {isa = PBXBuildFile; fileRef = 1103CB0924A9ACE600E6A9AD /* utils.h */; };
		1103CB1024A9ADFD00E6A9AD /* attana.h in Headers */ = {isa = PBXBuildFile; fileRef = 1103CB0F24A9ADFD00E6A9AD /* attana.h */; };
		1103CB1324A9B29F00E6A9AD /* student.cpp in Sources */ = {isa = PBXBuildFile; fileRef = 1103CB1224A9B29F00E6A9AD /* student.cpp */; };
		1103CB1624A9B2B500E6A9AD /* analyser.cpp in Sources */ = {isa = PBXBuildFile; fileRef = 1103CB1424A9B2B500E6A9AD /* analyser.cpp */; };
		115BEBC524AAE58400F7EEA0 /* tz_private.h in Headers */ = {isa = PBXBuildFile; fileRef = 115BEBB824AAE58400F7EEA0 /* tz_private.h */; };
		115BEBC624AAE58400F7EEA0 /* ios.h in Headers */ = {isa = PBXBuildFile; fileRef = 115BEBB924AAE58400F7EEA0 /* ios.h */; };
		115BEBC724AAE58400F7EEA0 /* ptz.h in Headers */ = {isa = PBXBuildFile; fileRef = 115BEBBA24AAE58400F7EEA0 /* ptz.h */; };
		115BEBC824AAE58400F7EEA0 /* solar_hijri.h in Headers */ = {isa = PBXBuildFile; fileRef = 115BEBBB24AAE58400F7EEA0 /* solar_hijri.h */; };
		115BEBC924AAE58400F7EEA0 /* date.h in Headers */ = {isa = PBXBuildFile; fileRef = 115BEBBC24AAE58400F7EEA0 /* date.h */; };
		115BEBCA24AAE58400F7EEA0 /* julian.h in Headers */ = {isa = PBXBuildFile; fileRef = 115BEBBD24AAE58400F7EEA0 /* julian.h */; };
		115BEBCB24AAE58400F7EEA0 /* chrono_io.h in Headers */ = {isa = PBXBuildFile; fileRef = 115BEBBE24AAE58400F7EEA0 /* chrono_io.h */; };
		115BEBCC24AAE58400F7EEA0 /* iso_week.h in Headers */ = {isa = PBXBuildFile; fileRef = 115BEBBF24AAE58400F7EEA0 /* iso_week.h */; };
		115BEBCD24AAE58400F7EEA0 /* tz.h in Headers */ = {isa = PBXBuildFile; fileRef = 115BEBC024AAE58400F7EEA0 /* tz.h */; };
		115BEBCE24AAE58400F7EEA0 /* islamic.h in Headers */ = {isa = PBXBuildFile; fileRef = 115BEBC124AAE58400F7EEA0 /* islamic.h */; };
		115BEBD024AAE58400F7EEA0 /* yaml.hpp in Headers */ = {isa = PBXBuildFile; fileRef = 115BEBC424AAE58400F7EEA0 /* yaml.hpp */; };
		115BEBD624AAFCE700F7EEA0 /* libyaml-cpp.a in Frameworks */ = {isa = PBXBuildFile; fileRef = 115BEBD424AAFCD800F7EEA0 /* libyaml-cpp.a */; };
/* End PBXBuildFile section */

/* Begin PBXFileReference section */
		1103CAD624A8CBE900E6A9AD /* liblibattana.dylib */ = {isa = PBXFileReference; explicitFileType = "compiled.mach-o.dylib"; includeInIndex = 0; path = liblibattana.dylib; sourceTree = BUILT_PRODUCTS_DIR; };
		1103CAF024A8CC4200E6A9AD /* libattana.h */ = {isa = PBXFileReference; lastKnownFileType = sourcecode.c.h; name = libattana.h; path = ../include/libattana.h; sourceTree = "<group>"; };
		1103CAF224A8CCDF00E6A9AD /* interfaces.cpp */ = {isa = PBXFileReference; lastKnownFileType = sourcecode.cpp.cpp; path = interfaces.cpp; sourceTree = "<group>"; };
		1103CAFD24A9833D00E6A9AD /* date_time.cpp */ = {isa = PBXFileReference; lastKnownFileType = sourcecode.cpp.cpp; path = date_time.cpp; sourceTree = "<group>"; };
		1103CB0924A9ACE600E6A9AD /* utils.h */ = {isa = PBXFileReference; fileEncoding = 4; lastKnownFileType = sourcecode.c.h; path = utils.h; sourceTree = "<group>"; };
		1103CB0F24A9ADFD00E6A9AD /* attana.h */ = {isa = PBXFileReference; lastKnownFileType = sourcecode.c.h; path = attana.h; sourceTree = "<group>"; };
		1103CB1224A9B29F00E6A9AD /* student.cpp */ = {isa = PBXFileReference; fileEncoding = 4; lastKnownFileType = sourcecode.cpp.cpp; path = student.cpp; sourceTree = "<group>"; };
		1103CB1424A9B2B500E6A9AD /* analyser.cpp */ = {isa = PBXFileReference; lastKnownFileType = sourcecode.cpp.cpp; path = analyser.cpp; sourceTree = "<group>"; };
		115BEBB824AAE58400F7EEA0 /* tz_private.h */ = {isa = PBXFileReference; fileEncoding = 4; lastKnownFileType = sourcecode.c.h; path = tz_private.h; sourceTree = "<group>"; };
		115BEBB924AAE58400F7EEA0 /* ios.h */ = {isa = PBXFileReference; fileEncoding = 4; lastKnownFileType = sourcecode.c.h; path = ios.h; sourceTree = "<group>"; };
		115BEBBA24AAE58400F7EEA0 /* ptz.h */ = {isa = PBXFileReference; fileEncoding = 4; lastKnownFileType = sourcecode.c.h; path = ptz.h; sourceTree = "<group>"; };
		115BEBBB24AAE58400F7EEA0 /* solar_hijri.h */ = {isa = PBXFileReference; fileEncoding = 4; lastKnownFileType = sourcecode.c.h; path = solar_hijri.h; sourceTree = "<group>"; };
		115BEBBC24AAE58400F7EEA0 /* date.h */ = {isa = PBXFileReference; fileEncoding = 4; lastKnownFileType = sourcecode.c.h; path = date.h; sourceTree = "<group>"; };
		115BEBBD24AAE58400F7EEA0 /* julian.h */ = {isa = PBXFileReference; fileEncoding = 4; lastKnownFileType = sourcecode.c.h; path = julian.h; sourceTree = "<group>"; };
		115BEBBE24AAE58400F7EEA0 /* chrono_io.h */ = {isa = PBXFileReference; fileEncoding = 4; lastKnownFileType = sourcecode.c.h; path = chrono_io.h; sourceTree = "<group>"; };
		115BEBBF24AAE58400F7EEA0 /* iso_week.h */ = {isa = PBXFileReference; fileEncoding = 4; lastKnownFileType = sourcecode.c.h; path = iso_week.h; sourceTree = "<group>"; };
		115BEBC024AAE58400F7EEA0 /* tz.h */ = {isa = PBXFileReference; fileEncoding = 4; lastKnownFileType = sourcecode.c.h; path = tz.h; sourceTree = "<group>"; };
		115BEBC124AAE58400F7EEA0 /* islamic.h */ = {isa = PBXFileReference; fileEncoding = 4; lastKnownFileType = sourcecode.c.h; path = islamic.h; sourceTree = "<group>"; };
		115BEBC324AAE58400F7EEA0 /* yaml.cpp */ = {isa = PBXFileReference; fileEncoding = 4; lastKnownFileType = sourcecode.cpp.cpp; path = yaml.cpp; sourceTree = "<group>"; };
		115BEBC424AAE58400F7EEA0 /* yaml.hpp */ = {isa = PBXFileReference; fileEncoding = 4; lastKnownFileType = sourcecode.cpp.h; path = yaml.hpp; sourceTree = "<group>"; };
		115BEBD424AAFCD800F7EEA0 /* libyaml-cpp.a */ = {isa = PBXFileReference; lastKnownFileType = archive.ar; name = "libyaml-cpp.a"; path = "lib/libyaml-cpp.a"; sourceTree = "<group>"; };
/* End PBXFileReference section */

/* Begin PBXFrameworksBuildPhase section */
		1103CAD424A8CBE900E6A9AD /* Frameworks */ = {
			isa = PBXFrameworksBuildPhase;
			buildActionMask = 2147483647;
			files = (
				115BEBD624AAFCE700F7EEA0 /* libyaml-cpp.a in Frameworks */,
			);
			runOnlyForDeploymentPostprocessing = 0;
		};
/* End PBXFrameworksBuildPhase section */

/* Begin PBXGroup section */
		1103CACD24A8CBE900E6A9AD = {
			isa = PBXGroup;
			children = (
				1103CB0F24A9ADFD00E6A9AD /* attana.h */,
				1103CB0924A9ACE600E6A9AD /* utils.h */,
				115BEBB624AAE58400F7EEA0 /* include */,
				1103CB1124A9B29F00E6A9AD /* core */,
				1103CAFA24A982AF00E6A9AD /* utils */,
				1103CAF024A8CC4200E6A9AD /* libattana.h */,
				1103CAF224A8CCDF00E6A9AD /* interfaces.cpp */,
				1103CAD724A8CBE900E6A9AD /* Products */,
				115BEBD324AAFCD800F7EEA0 /* Frameworks */,
			);
			sourceTree = "<group>";
		};
		1103CAD724A8CBE900E6A9AD /* Products */ = {
			isa = PBXGroup;
			children = (
				1103CAD624A8CBE900E6A9AD /* liblibattana.dylib */,
			);
			name = Products;
			sourceTree = "<group>";
		};
		1103CAFA24A982AF00E6A9AD /* utils */ = {
			isa = PBXGroup;
			children = (
				1103CAFD24A9833D00E6A9AD /* date_time.cpp */,
			);
			path = utils;
			sourceTree = "<group>";
		};
		1103CB1124A9B29F00E6A9AD /* core */ = {
			isa = PBXGroup;
			children = (
				1103CB1224A9B29F00E6A9AD /* student.cpp */,
				1103CB1424A9B2B500E6A9AD /* analyser.cpp */,
			);
			path = core;
			sourceTree = "<group>";
		};
		115BEBB624AAE58400F7EEA0 /* include */ = {
			isa = PBXGroup;
			children = (
				115BEBB724AAE58400F7EEA0 /* date */,
				115BEBC224AAE58400F7EEA0 /* yaml */,
			);
			path = include;
			sourceTree = "<group>";
		};
		115BEBB724AAE58400F7EEA0 /* date */ = {
			isa = PBXGroup;
			children = (
				115BEBB824AAE58400F7EEA0 /* tz_private.h */,
				115BEBB924AAE58400F7EEA0 /* ios.h */,
				115BEBBA24AAE58400F7EEA0 /* ptz.h */,
				115BEBBB24AAE58400F7EEA0 /* solar_hijri.h */,
				115BEBBC24AAE58400F7EEA0 /* date.h */,
				115BEBBD24AAE58400F7EEA0 /* julian.h */,
				115BEBBE24AAE58400F7EEA0 /* chrono_io.h */,
				115BEBBF24AAE58400F7EEA0 /* iso_week.h */,
				115BEBC024AAE58400F7EEA0 /* tz.h */,
				115BEBC124AAE58400F7EEA0 /* islamic.h */,
			);
			path = date;
			sourceTree = "<group>";
		};
		115BEBC224AAE58400F7EEA0 /* yaml */ = {
			isa = PBXGroup;
			children = (
				115BEBC324AAE58400F7EEA0 /* yaml.cpp */,
				115BEBC424AAE58400F7EEA0 /* yaml.hpp */,
			);
			path = yaml;
			sourceTree = "<group>";
		};
		115BEBD324AAFCD800F7EEA0 /* Frameworks */ = {
			isa = PBXGroup;
			children = (
				115BEBD424AAFCD800F7EEA0 /* libyaml-cpp.a */,
			);
			name = Frameworks;
			sourceTree = "<group>";
		};
/* End PBXGroup section */

/* Begin PBXHeadersBuildPhase section */
		1103CAD224A8CBE900E6A9AD /* Headers */ = {
			isa = PBXHeadersBuildPhase;
			buildActionMask = 2147483647;
			files = (
				1103CB0B24A9ACE600E6A9AD /* utils.h in Headers */,
				1103CB1024A9ADFD00E6A9AD /* attana.h in Headers */,
				115BEBC924AAE58400F7EEA0 /* date.h in Headers */,
				115BEBCC24AAE58400F7EEA0 /* iso_week.h in Headers */,
				115BEBC624AAE58400F7EEA0 /* ios.h in Headers */,
				115BEBC724AAE58400F7EEA0 /* ptz.h in Headers */,
				115BEBCB24AAE58400F7EEA0 /* chrono_io.h in Headers */,
				115BEBC524AAE58400F7EEA0 /* tz_private.h in Headers */,
				115BEBCD24AAE58400F7EEA0 /* tz.h in Headers */,
				115BEBD024AAE58400F7EEA0 /* yaml.hpp in Headers */,
				1103CAF124A8CC4200E6A9AD /* libattana.h in Headers */,
				115BEBC824AAE58400F7EEA0 /* solar_hijri.h in Headers */,
				115BEBCA24AAE58400F7EEA0 /* julian.h in Headers */,
				115BEBCE24AAE58400F7EEA0 /* islamic.h in Headers */,
			);
			runOnlyForDeploymentPostprocessing = 0;
		};
/* End PBXHeadersBuildPhase section */

/* Begin PBXNativeTarget section */
		1103CAD524A8CBE900E6A9AD /* libattana */ = {
			isa = PBXNativeTarget;
			buildConfigurationList = 1103CADA24A8CBE900E6A9AD /* Build configuration list for PBXNativeTarget "libattana" */;
			buildPhases = (
				1103CAD224A8CBE900E6A9AD /* Headers */,
				1103CAD324A8CBE900E6A9AD /* Sources */,
				1103CAD424A8CBE900E6A9AD /* Frameworks */,
			);
			buildRules = (
			);
			dependencies = (
			);
			name = libattana;
			productName = libattana;
			productReference = 1103CAD624A8CBE900E6A9AD /* liblibattana.dylib */;
			productType = "com.apple.product-type.library.dynamic";
		};
/* End PBXNativeTarget section */

/* Begin PBXProject section */
		1103CACE24A8CBE900E6A9AD /* Project object */ = {
			isa = PBXProject;
			attributes = {
				LastUpgradeCheck = 1020;
				ORGANIZATIONNAME = "Han Li";
				TargetAttributes = {
					1103CAD524A8CBE900E6A9AD = {
						CreatedOnToolsVersion = 10.2;
					};
				};
			};
			buildConfigurationList = 1103CAD124A8CBE900E6A9AD /* Build configuration list for PBXProject "libattana" */;
			compatibilityVersion = "Xcode 9.3";
			developmentRegion = en;
			hasScannedForEncodings = 0;
			knownRegions = (
				en,
			);
			mainGroup = 1103CACD24A8CBE900E6A9AD;
			productRefGroup = 1103CAD724A8CBE900E6A9AD /* Products */;
			projectDirPath = "";
			projectRoot = "";
			targets = (
				1103CAD524A8CBE900E6A9AD /* libattana */,
			);
		};
/* End PBXProject section */

/* Begin PBXSourcesBuildPhase section */
		1103CAD324A8CBE900E6A9AD /* Sources */ = {
			isa = PBXSourcesBuildPhase;
			buildActionMask = 2147483647;
			files = (
				1103CB1624A9B2B500E6A9AD /* analyser.cpp in Sources */,
				1103CAFE24A9833D00E6A9AD /* date_time.cpp in Sources */,
				1103CB1324A9B29F00E6A9AD /* student.cpp in Sources */,
				1103CAF424A8CCDF00E6A9AD /* interfaces.cpp in Sources */,
			);
			runOnlyForDeploymentPostprocessing = 0;
		};
/* End PBXSourcesBuildPhase section */

/* Begin XCBuildConfiguration section */
		1103CAD824A8CBE900E6A9AD /* Debug */ = {
			isa = XCBuildConfiguration;
			buildSettings = {
				ALWAYS_SEARCH_USER_PATHS = NO;
				CLANG_ANALYZER_NONNULL = YES;
				CLANG_ANALYZER_NUMBER_OBJECT_CONVERSION = YES_AGGRESSIVE;
				CLANG_CXX_LANGUAGE_STANDARD = "gnu++14";
				CLANG_CXX_LIBRARY = "libc++";
				CLANG_ENABLE_MODULES = YES;
				CLANG_ENABLE_OBJC_ARC = YES;
				CLANG_ENABLE_OBJC_WEAK = YES;
				CLANG_WARN_BLOCK_CAPTURE_AUTORELEASING = YES;
				CLANG_WARN_BOOL_CONVERSION = YES;
				CLANG_WARN_COMMA = YES;
				CLANG_WARN_CONSTANT_CONVERSION = YES;
				CLANG_WARN_DEPRECATED_OBJC_IMPLEMENTATIONS = YES;
				CLANG_WARN_DIRECT_OBJC_ISA_USAGE = YES_ERROR;
				CLANG_WARN_DOCUMENTATION_COMMENTS = YES;
				CLANG_WARN_EMPTY_BODY = YES;
				CLANG_WARN_ENUM_CONVERSION = YES;
				CLANG_WARN_INFINITE_RECURSION = YES;
				CLANG_WARN_INT_CONVERSION = YES;
				CLANG_WARN_NON_LITERAL_NULL_CONVERSION = YES;
				CLANG_WARN_OBJC_IMPLICIT_RETAIN_SELF = YES;
				CLANG_WARN_OBJC_LITERAL_CONVERSION = YES;
				CLANG_WARN_OBJC_ROOT_CLASS = YES_ERROR;
				CLANG_WARN_RANGE_LOOP_ANALYSIS = YES;
				CLANG_WARN_STRICT_PROTOTYPES = YES;
				CLANG_WARN_SUSPICIOUS_MOVE = YES;
				CLANG_WARN_UNGUARDED_AVAILABILITY = YES_AGGRESSIVE;
				CLANG_WARN_UNREACHABLE_CODE = YES;
				CLANG_WARN__DUPLICATE_METHOD_MATCH = YES;
				CODE_SIGN_IDENTITY = "Mac Developer";
				COPY_PHASE_STRIP = NO;
				DEBUG_INFORMATION_FORMAT = dwarf;
				ENABLE_STRICT_OBJC_MSGSEND = YES;
				ENABLE_TESTABILITY = YES;
				GCC_C_LANGUAGE_STANDARD = gnu11;
				GCC_DYNAMIC_NO_PIC = NO;
				GCC_NO_COMMON_BLOCKS = YES;
				GCC_OPTIMIZATION_LEVEL = 0;
				GCC_PREPROCESSOR_DEFINITIONS = (
					"DEBUG=1",
					"$(inherited)",
				);
				GCC_WARN_64_TO_32_BIT_CONVERSION = YES;
				GCC_WARN_ABOUT_RETURN_TYPE = YES_ERROR;
				GCC_WARN_UNDECLARED_SELECTOR = YES;
				GCC_WARN_UNINITIALIZED_AUTOS = YES_AGGRESSIVE;
				GCC_WARN_UNUSED_FUNCTION = YES;
				GCC_WARN_UNUSED_VARIABLE = YES;
				HEADER_SEARCH_PATHS = "\"$(SRCROOT)/include\"";
				MACOSX_DEPLOYMENT_TARGET = 10.14;
				MTL_ENABLE_DEBUG_INFO = INCLUDE_SOURCE;
				MTL_FAST_MATH = YES;
				ONLY_ACTIVE_ARCH = YES;
				SDKROOT = macosx;
			};
			name = Debug;
		};
		1103CAD924A8CBE900E6A9AD /* Release */ = {
			isa = XCBuildConfiguration;
			buildSettings = {
				ALWAYS_SEARCH_USER_PATHS = NO;
				CLANG_ANALYZER_NONNULL = YES;
				CLANG_ANALYZER_NUMBER_OBJECT_CONVERSION = YES_AGGRESSIVE;
				CLANG_CXX_LANGUAGE_STANDARD = "gnu++14";
				CLANG_CXX_LIBRARY = "libc++";
				CLANG_ENABLE_MODULES = YES;
				CLANG_ENABLE_OBJC_ARC = YES;
				CLANG_ENABLE_OBJC_WEAK = YES;
				CLANG_WARN_BLOCK_CAPTURE_AUTORELEASING = YES;
				CLANG_WARN_BOOL_CONVERSION = YES;
				CLANG_WARN_COMMA = YES;
				CLANG_WARN_CONSTANT_CONVERSION = YES;
				CLANG_WARN_DEPRECATED_OBJC_IMPLEMENTATIONS = YES;
				CLANG_WARN_DIRECT_OBJC_ISA_USAGE = YES_ERROR;
				CLANG_WARN_DOCUMENTATION_COMMENTS = YES;
				CLANG_WARN_EMPTY_BODY = YES;
				CLANG_WARN_ENUM_CONVERSION = YES;
				CLANG_WARN_INFINITE_RECURSION = YES;
				CLANG_WARN_INT_CONVERSION = YES;
				CLANG_WARN_NON_LITERAL_NULL_CONVERSION = YES;
				CLANG_WARN_OBJC_IMPLICIT_RETAIN_SELF = YES;
				CLANG_WARN_OBJC_LITERAL_CONVERSION = YES;
				CLANG_WARN_OBJC_ROOT_CLASS = YES_ERROR;
				CLANG_WARN_RANGE_LOOP_ANALYSIS = YES;
				CLANG_WARN_STRICT_PROTOTYPES = YES;
				CLANG_WARN_SUSPICIOUS_MOVE = YES;
				CLANG_WARN_UNGUARDED_AVAILABILITY = YES_AGGRESSIVE;
				CLANG_WARN_UNREACHABLE_CODE = YES;
				CLANG_WARN__DUPLICATE_METHOD_MATCH = YES;
				CODE_SIGN_IDENTITY = "Mac Developer";
				COPY_PHASE_STRIP = NO;
				DEBUG_INFORMATION_FORMAT = "dwarf-with-dsym";
				ENABLE_NS_ASSERTIONS = NO;
				ENABLE_STRICT_OBJC_MSGSEND = YES;
				GCC_C_LANGUAGE_STANDARD = gnu11;
				GCC_NO_COMMON_BLOCKS = YES;
				GCC_WARN_64_TO_32_BIT_CONVERSION = YES;
				GCC_WARN_ABOUT_RETURN_TYPE = YES_ERROR;
				GCC_WARN_UNDECLARED_SELECTOR = YES;
				GCC_WARN_UNINITIALIZED_AUTOS = YES_AGGRESSIVE;
				GCC_WARN_UNUSED_FUNCTION = YES;
				GCC_WARN_UNUSED_VARIABLE = YES;
				HEADER_SEARCH_PATHS = "\"$(SRCROOT)/include\"";
				MACOSX_DEPLOYMENT_TARGET = 10.14;
				MTL_ENABLE_DEBUG_INFO = NO;
				MTL_FAST_MATH = YES;
				SDKROOT = macosx;
			};
			name = Release;
		};
		1103CADB24A8CBE900E6A9AD /* Debug */ = {
			isa = XCBuildConfiguration;
			buildSettings = {
				CODE_SIGN_STYLE = Automatic;
				DEVELOPMENT_TEAM = J5B5SJ9JQJ;
				DYLIB_COMPATIBILITY_VERSION = 1;
				DYLIB_CURRENT_VERSION = 1;
				EXECUTABLE_PREFIX = lib;
				LIBRARY_SEARCH_PATHS = (
					"$(inherited)",
					"$(PROJECT_DIR)",
					"$(PROJECT_DIR)/lib",
				);
				PRODUCT_NAME = "$(TARGET_NAME)";
				SKIP_INSTALL = YES;
			};
			name = Debug;
		};
		1103CADC24A8CBE900E6A9AD /* Release */ = {
			isa = XCBuildConfiguration;
			buildSettings = {
				CODE_SIGN_STYLE = Automatic;
				DEVELOPMENT_TEAM = J5B5SJ9JQJ;
				DYLIB_COMPATIBILITY_VERSION = 1;
				DYLIB_CURRENT_VERSION = 1;
				EXECUTABLE_PREFIX = lib;
				LIBRARY_SEARCH_PATHS = (
					"$(inherited)",
					"$(PROJECT_DIR)",
					"$(PROJECT_DIR)/lib",
				);
				PRODUCT_NAME = "$(TARGET_NAME)";
				SKIP_INSTALL = YES;
			};
			name = Release;
		};
/* End XCBuildConfiguration section */

/* Begin XCConfigurationList section */
		1103CAD124A8CBE900E6A9AD /* Build configuration list for PBXProject "libattana" */ = {
			isa = XCConfigurationList;
			buildConfigurations = (
				1103CAD824A8CBE900E6A9AD /* Debug */,
				1103CAD924A8CBE900E6A9AD /* Release */,
			);
			defaultConfigurationIsVisible = 0;
			defaultConfigurationName = Release;
		};
		1103CADA24A8CBE900E6A9AD /* Build configuration list for PBXNativeTarget "libattana" */ = {
			isa = XCConfigurationList;
			buildConfigurations = (
				1103CADB24A8CBE900E6A9AD /* Debug */,
				1103CADC24A8CBE900E6A9AD /* Release */,
			);
			defaultConfigurationIsVisible = 0;
			defaultConfigurationName = Release;
		};
/* End XCConfigurationList section */
	};
	rootObject = 1103CACE24A8CBE900E6A9AD /* Project object */;
}
